
Microsoft Visual Studio Solution File, Format Version 12.00
Project("{FAE04EC0-301F-11D3-BF4B-00C04F79EFBC}") = "UseSourceHanSerifSCFont", "UseSourceHanSerifSCFont\UseSourceHanSerifSCFont.csproj", "{5C82595F-A9B2-4D8D-B4D9-9B403EAC5587}"
EndProject
Global
	GlobalSection(SolutionConfigurationPlatforms) = preSolution
		Debug|Any CPU = Debug|Any CPU
		Release|Any CPU = Release|Any CPU
	EndGlobalSection
	GlobalSection(ProjectConfigurationPlatforms) = postSolution
		{5C82595F-A9B2-4D8D-B4D9-9B403EAC5587}.Debug|Any CPU.ActiveCfg = Debug|Any CPU
		{5C82595F-A9B2-4D8D-B4D9-9B403EAC5587}.Debug|Any CPU.Build.0 = Debug|Any CPU
		{5C82595F-A9B2-4D8D-B4D9-9B403EAC5587}.Release|Any CPU.ActiveCfg = Release|Any CPU
		{5C82595F-A9B2-4D8D-B4D9-9B403EAC5587}.Release|Any CPU.Build.0 = Release|Any CPU
	EndGlobalSection
EndGlobal
